
Microsoft Visual Studio Solution File, Format Version 12.00
# Visual Studio Version 16
VisualStudioVersion = 16.0.32630.194
MinimumVisualStudioVersion = 10.0.40219.1
Project("{FAE04EC0-301F-11D3-BF4B-00C04F79EFBC}") = "WpfGaugeTest", "WpfGaugeTest\WpfGaugeTest.csproj", "{C9225FEA-1A0B-4084-B27A-6D9172F4D090}"
EndProject
Project("{9A19103F-16F7-4668-BE54-9A1E7A4F7556}") = "ClassLibraryPLCTag", "..\ClassLibraryPLCTag\ClassLibraryPLCTag\ClassLibraryPLCTag.csproj", "{84477526-0EE2-42E8-A5F8-12DD6D115654}"
EndProject
Global
	GlobalSection(SolutionConfigurationPlatforms) = preSolution
		Debug|Any CPU = Debug|Any CPU
		Release|Any CPU = Release|Any CPU
	EndGlobalSection
	GlobalSection(ProjectConfigurationPlatforms) = postSolution
		{C9225FEA-1A0B-4084-B27A-6D9172F4D090}.Debug|Any CPU.ActiveCfg = Debug|Any CPU
		{C9225FEA-1A0B-4084-B27A-6D9172F4D090}.Debug|Any CPU.Build.0 = Debug|Any CPU
		{C9225FEA-1A0B-4084-B27A-6D9172F4D090}.Release|Any CPU.ActiveCfg = Release|Any CPU
		{C9225FEA-1A0B-4084-B27A-6D9172F4D090}.Release|Any CPU.Build.0 = Release|Any CPU
		{84477526-0EE2-42E8-A5F8-12DD6D115654}.Debug|Any CPU.ActiveCfg = Debug|Any CPU
		{84477526-0EE2-42E8-A5F8-12DD6D115654}.Debug|Any CPU.Build.0 = Debug|Any CPU
		{84477526-0EE2-42E8-A5F8-12DD6D115654}.Release|Any CPU.ActiveCfg = Release|Any CPU
		{84477526-0EE2-42E8-A5F8-12DD6D115654}.Release|Any CPU.Build.0 = Release|Any CPU
	EndGlobalSection
	GlobalSection(SolutionProperties) = preSolution
		HideSolutionNode = FALSE
	EndGlobalSection
	GlobalSection(ExtensibilityGlobals) = postSolution
		SolutionGuid = {DE5F499C-8016-442D-9F9B-44769311E768}
	EndGlobalSection
EndGlobal
